{
  "name": "some-app",
  "version": "1.0.0",
  "lockfileVersion": 1,
  "requires": true,
  "dependencies": {
    "@reach-now/some-library": {
      "version": "1.1.20201206160527",
      "resolved": "https://npm.pkg.github.com/download/@reach-now/some-library/1.1.20201206160527/4c2204d99ed43ee5d4c6fa38c7864e6b7f572452877253731798d6f529c13798",
      "integrity": "sha512-xaUoCeL8ZGCbPfBzjj60y8xiR09SNy42/PUWKXLC4x+/d59ltDH5BHkc1vDpsgC2b4FQrbE3Ay2DkYjiq3XDPQ==",
      "requires": {
        "lodash": "^4.17.19"
      }
    },
    "lodash": {
      "version": "4.17.19",
      "resolved": "https://registry.npmjs.org/lodash/-/lodash-4.17.19.tgz",
      "integrity": "sha512-JNvd8XER9GQX0v2qJgsaN/mzFCNA5BRe/j8JN9d+tWyGLSodKQHKFicdwNYzWwI3wjRnaKPsGj1XkBjx/F96DQ=="
    }
  }
}
