{
  "name": "some-app",
  "version": "1.0.0",
  "lockfileVersion": 1,
  "requires": true,
  "dependencies": {
    "@reach-now/some-library": {
      "version": "1.0.0",
      "resolved": "https://mgns-2-586093893509.d.codeartifact.eu-west-1.amazonaws.com:443/npm/reach-now/@reach-now/some-library/-/some-library-1.0.0.tgz",
      "integrity": "sha512-2gtGuXpGhzFym8jy8XVW3sx57dwrME0AkWCYgZAySPmVKKPR+ydVuSGONcLmU4l9V9wXU6knM9P+VUpm95CJFg==",
      "requires": {
        "lodash": "^4.17.15"
      }
    },
    "lodash": {
      "version": "4.17.15",
      "resolved": "https://registry.npmjs.org/lodash/-/lodash-4.17.15.tgz",
      "integrity": "sha512-8xOcRHvCjnocdS5cpwXQXVzmmh5e5+saE2QGoeQmbKmRS6J3VQppPOIt0MnmE+4xlZoumy0GPG0D0MVIQbNA1A=="
    }
  }
}
